
Microsoft Visual Studio Solution File, Format Version 12.00
# Visual Studio Version 16
VisualStudioVersion = 16.0.31911.196
MinimumVisualStudioVersion = 10.0.40219.1
Project("{9A19103F-16F7-4668-BE54-9A1E7A4F7556}") = "HelpDeskBroadcaster", "HelpDeskBroadcaster\HelpDeskBroadcaster.csproj", "{FC9A3F36-6911-4C03-AAFD-50B4CE7116CE}"
EndProject
Global
	GlobalSection(SolutionConfigurationPlatforms) = preSolution
		Debug|Any CPU = Debug|Any CPU
		Release|Any CPU = Release|Any CPU
	EndGlobalSection
	GlobalSection(ProjectConfigurationPlatforms) = postSolution
		{FC9A3F36-6911-4C03-AAFD-50B4CE7116CE}.Debug|Any CPU.ActiveCfg = Debug|Any CPU
		{FC9A3F36-6911-4C03-AAFD-50B4CE7116CE}.Debug|Any CPU.Build.0 = Debug|Any CPU
		{FC9A3F36-6911-4C03-AAFD-50B4CE7116CE}.Release|Any CPU.ActiveCfg = Release|Any CPU
		{FC9A3F36-6911-4C03-AAFD-50B4CE7116CE}.Release|Any CPU.Build.0 = Release|Any CPU
	EndGlobalSection
	GlobalSection(SolutionProperties) = preSolution
		HideSolutionNode = FALSE
	EndGlobalSection
	GlobalSection(ExtensibilityGlobals) = postSolution
		SolutionGuid = {E0206BF5-F5F1-42CF-90FB-2E98405E0C6E}
	EndGlobalSection
EndGlobal
